github.com/go-logr/logr v1.2.4 h1:g01GSCwiDw2xSZfjJ2/T9M+S6pFdcNtFYsp+Y43HYDQ=
github.com/go-logr/logr v1.2.4/go.mod h1:jdQByPbusPIv2/zmleS9BjJVeZ6kBagPoEUsqbVz/1A=
k8s.io/api v0.27.3 h1:yR6oQXXnUEBWEWcvPWS0jQL575KoAboQPfJAuKNrw5Y=
k8s.io/api v0.27.3/go.mod h1:C4BNvZnQOF7JA/0Xed2S+aUyJSfTGkGFxLXz9MnpIpg=
k8s.io/client-go v0.27.3 h1:7dnEGHZEJld3lYwxvLl7WoehK6lAq7GvgjxpA3nv1E8=
k8s.io/client-go v0.27.3/go.mod h1:2MBEKuTo6V1lbKy3z1euEGnhPfGZLKTS9tiJ2xodM48=
knative.dev/client-pkg v0.0.0-20230606015531-b93ceb0dd4f1 h1:w3sWOHo4wPxnJm6fVb2naf8gClO+elkj+eQkftu14F8=
knative.dev/client-pkg v0.0.0-20230606015531-b93ceb0dd4f1/go.mod h1:oYnznlTBCj/bVEHo5vUSM/VS3oDFNJKDmH5+k1aC9/8=
